
Microsoft Visual Studio Solution File, Format Version 12.00
Project("{FAE04EC0-301F-11D3-BF4B-00C04F79EFBC}") = "LibSharpRetro", "LibSharpRetro\LibSharpRetro.csproj", "{9F5BB195-87E3-4BA0-8F58-D30D42F9E672}"
EndProject
Project("{FAE04EC0-301F-11D3-BF4B-00C04F79EFBC}") = "SimpleSdlFrontend", "SimpleSdlFrontend\SimpleSdlFrontend.csproj", "{7843CC3C-4F48-4C59-91CF-AA80B954C3FC}"
EndProject
Project("{FAE04EC0-301F-11D3-BF4B-00C04F79EFBC}") = "DamageCore", "DamageCore\DamageCore.csproj", "{9B01FFEE-EC63-422B-97EA-464021DA0C8F}"
EndProject
Project("{FAE04EC0-301F-11D3-BF4B-00C04F79EFBC}") = "CoreArchCompiler", "CoreArchCompiler\CoreArchCompiler.csproj", "{8443463C-BBD9-4E93-89BC-7FD29E4772DF}"
EndProject
Project("{FAE04EC0-301F-11D3-BF4B-00C04F79EFBC}") = "DamageGenerator", "DamageGenerator\DamageGenerator.csproj", "{E6776321-7A1D-433F-BAAA-15E64817F58B}"
EndProject
Project("{FAE04EC0-301F-11D3-BF4B-00C04F79EFBC}") = "SharpStationGenerator", "SharpStationGenerator\SharpStationGenerator.csproj", "{D84BDA9D-B70A-4825-9F72-018A76649AD0}"
EndProject
Project("{FAE04EC0-301F-11D3-BF4B-00C04F79EFBC}") = "SharpStationCore", "SharpStationCore\SharpStationCore.csproj", "{295B24D2-1A09-4375-9BD7-C0421BFEF8EA}"
EndProject
Project("{FAE04EC0-301F-11D3-BF4B-00C04F79EFBC}") = "JitBase", "JitBase\JitBase.csproj", "{8AA9245D-267F-422D-9C6E-196665BB8C37}"
EndProject
Project("{FAE04EC0-301F-11D3-BF4B-00C04F79EFBC}") = "CilJit", "CilJit\CilJit.csproj", "{0DF85B8C-1DFF-4A1D-8DFF-26DA10F810CF}"
EndProject
Project("{FAE04EC0-301F-11D3-BF4B-00C04F79EFBC}") = "JitTests", "JitTests\JitTests.csproj", "{E69F1A23-6A41-4EB2-B82D-8BA87C97476F}"
EndProject
Project("{FAE04EC0-301F-11D3-BF4B-00C04F79EFBC}") = "SimpleJitTest", "SimpleJitTest\SimpleJitTest.csproj", "{2D9294B9-5CCD-435F-9516-64730C8CC22A}"
EndProject
Project("{FAE04EC0-301F-11D3-BF4B-00C04F79EFBC}") = "LlvmJit", "LlvmJit\LlvmJit.csproj", "{814961D5-CF4C-4905-BEC7-243C3D6A3EEC}"
EndProject
Project("{FAE04EC0-301F-11D3-BF4B-00C04F79EFBC}") = "SourceGenerators", "SourceGenerators\SourceGenerators.csproj", "{C528212C-A86B-49B4-B77F-B3804BF99033}"
EndProject
Project("{FAE04EC0-301F-11D3-BF4B-00C04F79EFBC}") = "XFusionGenerator", "XFusionGenerator\XFusionGenerator.csproj", "{60799CCC-E8C5-4022-8169-5178E2B5CB5E}"
EndProject
Project("{FAE04EC0-301F-11D3-BF4B-00C04F79EFBC}") = "XFusionTests", "XFusionTests\XFusionTests.csproj", "{F66D5910-BB2B-4CDF-8F46-65309A595032}"
EndProject
Project("{FAE04EC0-301F-11D3-BF4B-00C04F79EFBC}") = "StaticRecompilerBase", "StaticRecompilerBase\StaticRecompilerBase.csproj", "{D0F587BD-8E57-440D-BDDA-0BFC6EED84E4}"
EndProject
Project("{FAE04EC0-301F-11D3-BF4B-00C04F79EFBC}") = "Aarch64Generator", "Aarch64Generator\Aarch64Generator.csproj", "{6D23ED09-4567-4BB2-97E7-D797B2CE43C0}"
EndProject
Project("{FAE04EC0-301F-11D3-BF4B-00C04F79EFBC}") = "Aarch64Cpu", "Aarch64Cpu\Aarch64Cpu.csproj", "{AE504578-451D-4525-83F6-D752BE84B252}"
EndProject
Project("{FAE04EC0-301F-11D3-BF4B-00C04F79EFBC}") = "Aarch64Common", "Aarch64Common\Aarch64Common.csproj", "{4FDA5033-2802-4210-A987-08BE8C86ABE6}"
EndProject
Project("{FAE04EC0-301F-11D3-BF4B-00C04F79EFBC}") = "CoppermineGenerator", "CoppermineGenerator\CoppermineGenerator.csproj", "{63ADA7A4-C2D9-4BF9-A15A-B79D501E6927}"
EndProject
Project("{FAE04EC0-301F-11D3-BF4B-00C04F79EFBC}") = "CoppermineCpu", "CoppermineCpu\CoppermineCpu.csproj", "{616A63F0-87B9-4840-BA24-58DEF16D2E01}"
EndProject
Project("{FAE04EC0-301F-11D3-BF4B-00C04F79EFBC}") = "NxRecompile", "NxRecompile\NxRecompile.csproj", "{D1E18AB2-AAC6-44F9-8527-7A2F9DAEF6DF}"
EndProject
Project("{FAE04EC0-301F-11D3-BF4B-00C04F79EFBC}") = "NxTestEmu", "NxTestEmu\NxTestEmu.csproj", "{BF1A2749-177C-40F6-BD92-2560D6466B9C}"
EndProject
Project("{FAE04EC0-301F-11D3-BF4B-00C04F79EFBC}") = "UmbraCore", "UmbraCore\UmbraCore.csproj", "{23562AA1-CEE8-484A-A6A2-0368536CF81E}"
EndProject
Project("{FAE04EC0-301F-11D3-BF4B-00C04F79EFBC}") = "UmbraCli", "UmbraCli\UmbraCli.csproj", "{9CCB2EB0-9F84-415A-A191-694270BAB27A}"
EndProject
Global
	GlobalSection(SolutionConfigurationPlatforms) = preSolution
		Debug|Any CPU = Debug|Any CPU
		Release|Any CPU = Release|Any CPU
	EndGlobalSection
	GlobalSection(ProjectConfigurationPlatforms) = postSolution
		{9F5BB195-87E3-4BA0-8F58-D30D42F9E672}.Debug|Any CPU.ActiveCfg = Debug|Any CPU
		{9F5BB195-87E3-4BA0-8F58-D30D42F9E672}.Debug|Any CPU.Build.0 = Debug|Any CPU
		{9F5BB195-87E3-4BA0-8F58-D30D42F9E672}.Release|Any CPU.ActiveCfg = Release|Any CPU
		{9F5BB195-87E3-4BA0-8F58-D30D42F9E672}.Release|Any CPU.Build.0 = Release|Any CPU
		{7843CC3C-4F48-4C59-91CF-AA80B954C3FC}.Debug|Any CPU.ActiveCfg = Debug|Any CPU
		{7843CC3C-4F48-4C59-91CF-AA80B954C3FC}.Debug|Any CPU.Build.0 = Debug|Any CPU
		{7843CC3C-4F48-4C59-91CF-AA80B954C3FC}.Release|Any CPU.ActiveCfg = Release|Any CPU
		{7843CC3C-4F48-4C59-91CF-AA80B954C3FC}.Release|Any CPU.Build.0 = Release|Any CPU
		{9B01FFEE-EC63-422B-97EA-464021DA0C8F}.Debug|Any CPU.ActiveCfg = Debug|Any CPU
		{9B01FFEE-EC63-422B-97EA-464021DA0C8F}.Debug|Any CPU.Build.0 = Debug|Any CPU
		{9B01FFEE-EC63-422B-97EA-464021DA0C8F}.Release|Any CPU.ActiveCfg = Release|Any CPU
		{9B01FFEE-EC63-422B-97EA-464021DA0C8F}.Release|Any CPU.Build.0 = Release|Any CPU
		{8443463C-BBD9-4E93-89BC-7FD29E4772DF}.Debug|Any CPU.ActiveCfg = Debug|Any CPU
		{8443463C-BBD9-4E93-89BC-7FD29E4772DF}.Debug|Any CPU.Build.0 = Debug|Any CPU
		{8443463C-BBD9-4E93-89BC-7FD29E4772DF}.Release|Any CPU.ActiveCfg = Release|Any CPU
		{8443463C-BBD9-4E93-89BC-7FD29E4772DF}.Release|Any CPU.Build.0 = Release|Any CPU
		{E6776321-7A1D-433F-BAAA-15E64817F58B}.Debug|Any CPU.ActiveCfg = Debug|Any CPU
		{E6776321-7A1D-433F-BAAA-15E64817F58B}.Debug|Any CPU.Build.0 = Debug|Any CPU
		{E6776321-7A1D-433F-BAAA-15E64817F58B}.Release|Any CPU.ActiveCfg = Release|Any CPU
		{E6776321-7A1D-433F-BAAA-15E64817F58B}.Release|Any CPU.Build.0 = Release|Any CPU
		{D84BDA9D-B70A-4825-9F72-018A76649AD0}.Debug|Any CPU.ActiveCfg = Debug|Any CPU
		{D84BDA9D-B70A-4825-9F72-018A76649AD0}.Debug|Any CPU.Build.0 = Debug|Any CPU
		{D84BDA9D-B70A-4825-9F72-018A76649AD0}.Release|Any CPU.ActiveCfg = Release|Any CPU
		{D84BDA9D-B70A-4825-9F72-018A76649AD0}.Release|Any CPU.Build.0 = Release|Any CPU
		{295B24D2-1A09-4375-9BD7-C0421BFEF8EA}.Debug|Any CPU.ActiveCfg = Debug|Any CPU
		{295B24D2-1A09-4375-9BD7-C0421BFEF8EA}.Debug|Any CPU.Build.0 = Debug|Any CPU
		{295B24D2-1A09-4375-9BD7-C0421BFEF8EA}.Release|Any CPU.ActiveCfg = Release|Any CPU
		{295B24D2-1A09-4375-9BD7-C0421BFEF8EA}.Release|Any CPU.Build.0 = Release|Any CPU
		{8AA9245D-267F-422D-9C6E-196665BB8C37}.Debug|Any CPU.ActiveCfg = Debug|Any CPU
		{8AA9245D-267F-422D-9C6E-196665BB8C37}.Debug|Any CPU.Build.0 = Debug|Any CPU
		{8AA9245D-267F-422D-9C6E-196665BB8C37}.Release|Any CPU.ActiveCfg = Release|Any CPU
		{8AA9245D-267F-422D-9C6E-196665BB8C37}.Release|Any CPU.Build.0 = Release|Any CPU
		{0DF85B8C-1DFF-4A1D-8DFF-26DA10F810CF}.Debug|Any CPU.ActiveCfg = Debug|Any CPU
		{0DF85B8C-1DFF-4A1D-8DFF-26DA10F810CF}.Debug|Any CPU.Build.0 = Debug|Any CPU
		{0DF85B8C-1DFF-4A1D-8DFF-26DA10F810CF}.Release|Any CPU.ActiveCfg = Release|Any CPU
		{0DF85B8C-1DFF-4A1D-8DFF-26DA10F810CF}.Release|Any CPU.Build.0 = Release|Any CPU
		{E69F1A23-6A41-4EB2-B82D-8BA87C97476F}.Debug|Any CPU.ActiveCfg = Debug|Any CPU
		{E69F1A23-6A41-4EB2-B82D-8BA87C97476F}.Debug|Any CPU.Build.0 = Debug|Any CPU
		{E69F1A23-6A41-4EB2-B82D-8BA87C97476F}.Release|Any CPU.ActiveCfg = Release|Any CPU
		{E69F1A23-6A41-4EB2-B82D-8BA87C97476F}.Release|Any CPU.Build.0 = Release|Any CPU
		{2D9294B9-5CCD-435F-9516-64730C8CC22A}.Debug|Any CPU.ActiveCfg = Debug|Any CPU
		{2D9294B9-5CCD-435F-9516-64730C8CC22A}.Debug|Any CPU.Build.0 = Debug|Any CPU
		{2D9294B9-5CCD-435F-9516-64730C8CC22A}.Release|Any CPU.ActiveCfg = Release|Any CPU
		{2D9294B9-5CCD-435F-9516-64730C8CC22A}.Release|Any CPU.Build.0 = Release|Any CPU
		{814961D5-CF4C-4905-BEC7-243C3D6A3EEC}.Debug|Any CPU.ActiveCfg = Debug|Any CPU
		{814961D5-CF4C-4905-BEC7-243C3D6A3EEC}.Debug|Any CPU.Build.0 = Debug|Any CPU
		{814961D5-CF4C-4905-BEC7-243C3D6A3EEC}.Release|Any CPU.ActiveCfg = Release|Any CPU
		{814961D5-CF4C-4905-BEC7-243C3D6A3EEC}.Release|Any CPU.Build.0 = Release|Any CPU
		{C528212C-A86B-49B4-B77F-B3804BF99033}.Debug|Any CPU.ActiveCfg = Debug|Any CPU
		{C528212C-A86B-49B4-B77F-B3804BF99033}.Debug|Any CPU.Build.0 = Debug|Any CPU
		{C528212C-A86B-49B4-B77F-B3804BF99033}.Release|Any CPU.ActiveCfg = Release|Any CPU
		{C528212C-A86B-49B4-B77F-B3804BF99033}.Release|Any CPU.Build.0 = Release|Any CPU
		{60799CCC-E8C5-4022-8169-5178E2B5CB5E}.Debug|Any CPU.ActiveCfg = Debug|Any CPU
		{60799CCC-E8C5-4022-8169-5178E2B5CB5E}.Debug|Any CPU.Build.0 = Debug|Any CPU
		{60799CCC-E8C5-4022-8169-5178E2B5CB5E}.Release|Any CPU.ActiveCfg = Release|Any CPU
		{60799CCC-E8C5-4022-8169-5178E2B5CB5E}.Release|Any CPU.Build.0 = Release|Any CPU
		{F66D5910-BB2B-4CDF-8F46-65309A595032}.Debug|Any CPU.ActiveCfg = Debug|Any CPU
		{F66D5910-BB2B-4CDF-8F46-65309A595032}.Debug|Any CPU.Build.0 = Debug|Any CPU
		{F66D5910-BB2B-4CDF-8F46-65309A595032}.Release|Any CPU.ActiveCfg = Release|Any CPU
		{F66D5910-BB2B-4CDF-8F46-65309A595032}.Release|Any CPU.Build.0 = Release|Any CPU
		{D0F587BD-8E57-440D-BDDA-0BFC6EED84E4}.Debug|Any CPU.ActiveCfg = Debug|Any CPU
		{D0F587BD-8E57-440D-BDDA-0BFC6EED84E4}.Debug|Any CPU.Build.0 = Debug|Any CPU
		{D0F587BD-8E57-440D-BDDA-0BFC6EED84E4}.Release|Any CPU.ActiveCfg = Release|Any CPU
		{D0F587BD-8E57-440D-BDDA-0BFC6EED84E4}.Release|Any CPU.Build.0 = Release|Any CPU
		{6D23ED09-4567-4BB2-97E7-D797B2CE43C0}.Debug|Any CPU.ActiveCfg = Debug|Any CPU
		{6D23ED09-4567-4BB2-97E7-D797B2CE43C0}.Debug|Any CPU.Build.0 = Debug|Any CPU
		{6D23ED09-4567-4BB2-97E7-D797B2CE43C0}.Release|Any CPU.ActiveCfg = Release|Any CPU
		{6D23ED09-4567-4BB2-97E7-D797B2CE43C0}.Release|Any CPU.Build.0 = Release|Any CPU
		{AE504578-451D-4525-83F6-D752BE84B252}.Debug|Any CPU.ActiveCfg = Debug|Any CPU
		{AE504578-451D-4525-83F6-D752BE84B252}.Debug|Any CPU.Build.0 = Debug|Any CPU
		{AE504578-451D-4525-83F6-D752BE84B252}.Release|Any CPU.ActiveCfg = Release|Any CPU
		{AE504578-451D-4525-83F6-D752BE84B252}.Release|Any CPU.Build.0 = Release|Any CPU
		{4FDA5033-2802-4210-A987-08BE8C86ABE6}.Debug|Any CPU.ActiveCfg = Debug|Any CPU
		{4FDA5033-2802-4210-A987-08BE8C86ABE6}.Debug|Any CPU.Build.0 = Debug|Any CPU
		{4FDA5033-2802-4210-A987-08BE8C86ABE6}.Release|Any CPU.ActiveCfg = Release|Any CPU
		{4FDA5033-2802-4210-A987-08BE8C86ABE6}.Release|Any CPU.Build.0 = Release|Any CPU
		{63ADA7A4-C2D9-4BF9-A15A-B79D501E6927}.Debug|Any CPU.ActiveCfg = Debug|Any CPU
		{63ADA7A4-C2D9-4BF9-A15A-B79D501E6927}.Debug|Any CPU.Build.0 = Debug|Any CPU
		{63ADA7A4-C2D9-4BF9-A15A-B79D501E6927}.Release|Any CPU.ActiveCfg = Release|Any CPU
		{63ADA7A4-C2D9-4BF9-A15A-B79D501E6927}.Release|Any CPU.Build.0 = Release|Any CPU
		{616A63F0-87B9-4840-BA24-58DEF16D2E01}.Debug|Any CPU.ActiveCfg = Debug|Any CPU
		{616A63F0-87B9-4840-BA24-58DEF16D2E01}.Debug|Any CPU.Build.0 = Debug|Any CPU
		{616A63F0-87B9-4840-BA24-58DEF16D2E01}.Release|Any CPU.ActiveCfg = Release|Any CPU
		{616A63F0-87B9-4840-BA24-58DEF16D2E01}.Release|Any CPU.Build.0 = Release|Any CPU
		{D1E18AB2-AAC6-44F9-8527-7A2F9DAEF6DF}.Debug|Any CPU.ActiveCfg = Debug|Any CPU
		{D1E18AB2-AAC6-44F9-8527-7A2F9DAEF6DF}.Debug|Any CPU.Build.0 = Debug|Any CPU
		{D1E18AB2-AAC6-44F9-8527-7A2F9DAEF6DF}.Release|Any CPU.ActiveCfg = Release|Any CPU
		{D1E18AB2-AAC6-44F9-8527-7A2F9DAEF6DF}.Release|Any CPU.Build.0 = Release|Any CPU
		{BF1A2749-177C-40F6-BD92-2560D6466B9C}.Debug|Any CPU.ActiveCfg = Debug|Any CPU
		{BF1A2749-177C-40F6-BD92-2560D6466B9C}.Debug|Any CPU.Build.0 = Debug|Any CPU
		{BF1A2749-177C-40F6-BD92-2560D6466B9C}.Release|Any CPU.ActiveCfg = Release|Any CPU
		{BF1A2749-177C-40F6-BD92-2560D6466B9C}.Release|Any CPU.Build.0 = Release|Any CPU
		{23562AA1-CEE8-484A-A6A2-0368536CF81E}.Debug|Any CPU.ActiveCfg = Debug|Any CPU
		{23562AA1-CEE8-484A-A6A2-0368536CF81E}.Debug|Any CPU.Build.0 = Debug|Any CPU
		{23562AA1-CEE8-484A-A6A2-0368536CF81E}.Release|Any CPU.ActiveCfg = Release|Any CPU
		{23562AA1-CEE8-484A-A6A2-0368536CF81E}.Release|Any CPU.Build.0 = Release|Any CPU
		{9CCB2EB0-9F84-415A-A191-694270BAB27A}.Debug|Any CPU.ActiveCfg = Debug|Any CPU
		{9CCB2EB0-9F84-415A-A191-694270BAB27A}.Debug|Any CPU.Build.0 = Debug|Any CPU
		{9CCB2EB0-9F84-415A-A191-694270BAB27A}.Release|Any CPU.ActiveCfg = Release|Any CPU
		{9CCB2EB0-9F84-415A-A191-694270BAB27A}.Release|Any CPU.Build.0 = Release|Any CPU
	EndGlobalSection
EndGlobal
