
Microsoft Visual Studio Solution File, Format Version 12.00
Project("{FAE04EC0-301F-11D3-BF4B-00C04F79EFBC}") = "LibSharpRetro", "LibSharpRetro\LibSharpRetro.csproj", "{9F5BB195-87E3-4BA0-8F58-D30D42F9E672}"
EndProject
Project("{FAE04EC0-301F-11D3-BF4B-00C04F79EFBC}") = "SimpleSdlFrontend", "SimpleSdlFrontend\SimpleSdlFrontend.csproj", "{7843CC3C-4F48-4C59-91CF-AA80B954C3FC}"
EndProject
Project("{FAE04EC0-301F-11D3-BF4B-00C04F79EFBC}") = "DamageCore", "DamageCore\DamageCore.csproj", "{9B01FFEE-EC63-422B-97EA-464021DA0C8F}"
EndProject
Global
	GlobalSection(SolutionConfigurationPlatforms) = preSolution
		Debug|Any CPU = Debug|Any CPU
		Release|Any CPU = Release|Any CPU
	EndGlobalSection
	GlobalSection(ProjectConfigurationPlatforms) = postSolution
		{9F5BB195-87E3-4BA0-8F58-D30D42F9E672}.Debug|Any CPU.ActiveCfg = Debug|Any CPU
		{9F5BB195-87E3-4BA0-8F58-D30D42F9E672}.Debug|Any CPU.Build.0 = Debug|Any CPU
		{9F5BB195-87E3-4BA0-8F58-D30D42F9E672}.Release|Any CPU.ActiveCfg = Release|Any CPU
		{9F5BB195-87E3-4BA0-8F58-D30D42F9E672}.Release|Any CPU.Build.0 = Release|Any CPU
		{7843CC3C-4F48-4C59-91CF-AA80B954C3FC}.Debug|Any CPU.ActiveCfg = Debug|Any CPU
		{7843CC3C-4F48-4C59-91CF-AA80B954C3FC}.Debug|Any CPU.Build.0 = Debug|Any CPU
		{7843CC3C-4F48-4C59-91CF-AA80B954C3FC}.Release|Any CPU.ActiveCfg = Release|Any CPU
		{7843CC3C-4F48-4C59-91CF-AA80B954C3FC}.Release|Any CPU.Build.0 = Release|Any CPU
		{9B01FFEE-EC63-422B-97EA-464021DA0C8F}.Debug|Any CPU.ActiveCfg = Debug|Any CPU
		{9B01FFEE-EC63-422B-97EA-464021DA0C8F}.Debug|Any CPU.Build.0 = Debug|Any CPU
		{9B01FFEE-EC63-422B-97EA-464021DA0C8F}.Release|Any CPU.ActiveCfg = Release|Any CPU
		{9B01FFEE-EC63-422B-97EA-464021DA0C8F}.Release|Any CPU.Build.0 = Release|Any CPU
	EndGlobalSection
EndGlobal
